
Microsoft Visual Studio Solution File, Format Version 12.00
# Visual Studio Version 16
VisualStudioVersion = 16.0.32126.315
MinimumVisualStudioVersion = 10.0.40219.1
Project("{9A19103F-16F7-4668-BE54-9A1E7A4F7556}") = "GneoInstituteWebAPI", "GneoInstituteWebAPI\GneoInstituteWebAPI.csproj", "{7E078289-DE2F-442E-B6B2-CBE3B3FA3AC6}"
EndProject
Project("{9A19103F-16F7-4668-BE54-9A1E7A4F7556}") = "GneoDataAccessLibrary", "GneoDataAccessLibrary\GneoDataAccessLibrary.csproj", "{D8F3901F-E9D4-43EA-B366-318E1509E221}"
EndProject
Project("{9A19103F-16F7-4668-BE54-9A1E7A4F7556}") = "GneoCommonDataLibrary", "GneoCommonDataLibrary\GneoCommonDataLibrary.csproj", "{AD34C900-A824-4B32-8F8D-BBA67F332FE9}"
EndProject
Global
	GlobalSection(SolutionConfigurationPlatforms) = preSolution
		Debug|Any CPU = Debug|Any CPU
		Release|Any CPU = Release|Any CPU
	EndGlobalSection
	GlobalSection(ProjectConfigurationPlatforms) = postSolution
		{7E078289-DE2F-442E-B6B2-CBE3B3FA3AC6}.Debug|Any CPU.ActiveCfg = Debug|Any CPU
		{7E078289-DE2F-442E-B6B2-CBE3B3FA3AC6}.Debug|Any CPU.Build.0 = Debug|Any CPU
		{7E078289-DE2F-442E-B6B2-CBE3B3FA3AC6}.Release|Any CPU.ActiveCfg = Release|Any CPU
		{7E078289-DE2F-442E-B6B2-CBE3B3FA3AC6}.Release|Any CPU.Build.0 = Release|Any CPU
		{D8F3901F-E9D4-43EA-B366-318E1509E221}.Debug|Any CPU.ActiveCfg = Debug|Any CPU
		{D8F3901F-E9D4-43EA-B366-318E1509E221}.Debug|Any CPU.Build.0 = Debug|Any CPU
		{D8F3901F-E9D4-43EA-B366-318E1509E221}.Release|Any CPU.ActiveCfg = Release|Any CPU
		{D8F3901F-E9D4-43EA-B366-318E1509E221}.Release|Any CPU.Build.0 = Release|Any CPU
		{AD34C900-A824-4B32-8F8D-BBA67F332FE9}.Debug|Any CPU.ActiveCfg = Debug|Any CPU
		{AD34C900-A824-4B32-8F8D-BBA67F332FE9}.Debug|Any CPU.Build.0 = Debug|Any CPU
		{AD34C900-A824-4B32-8F8D-BBA67F332FE9}.Release|Any CPU.ActiveCfg = Release|Any CPU
		{AD34C900-A824-4B32-8F8D-BBA67F332FE9}.Release|Any CPU.Build.0 = Release|Any CPU
	EndGlobalSection
	GlobalSection(SolutionProperties) = preSolution
		HideSolutionNode = FALSE
	EndGlobalSection
	GlobalSection(ExtensibilityGlobals) = postSolution
		SolutionGuid = {ECD02522-7F6A-40BB-AEC5-C91CA3C0436D}
	EndGlobalSection
EndGlobal
